
Microsoft Visual Studio Solution File, Format Version 12.00
# Visual Studio Version 16
VisualStudioVersion = 16.0.29318.209
MinimumVisualStudioVersion = 10.0.40219.1
Project("{FAE04EC0-301F-11D3-BF4B-00C04F79EFBC}") = "Pong", "Pong\Pong.csproj", "{34384AD4-DE79-4DEA-A08D-BE06BC73EDE4}"
EndProject
Global
	GlobalSection(SolutionConfigurationPlatforms) = preSolution
		Debug|Any CPU = Debug|Any CPU
		Release|Any CPU = Release|Any CPU
	EndGlobalSection
	GlobalSection(ProjectConfigurationPlatforms) = postSolution
		{34384AD4-DE79-4DEA-A08D-BE06BC73EDE4}.Debug|Any CPU.ActiveCfg = Debug|Any CPU
		{34384AD4-DE79-4DEA-A08D-BE06BC73EDE4}.Debug|Any CPU.Build.0 = Debug|Any CPU
		{34384AD4-DE79-4DEA-A08D-BE06BC73EDE4}.Release|Any CPU.ActiveCfg = Release|Any CPU
		{34384AD4-DE79-4DEA-A08D-BE06BC73EDE4}.Release|Any CPU.Build.0 = Release|Any CPU
	EndGlobalSection
	GlobalSection(SolutionProperties) = preSolution
		HideSolutionNode = FALSE
	EndGlobalSection
	GlobalSection(ExtensibilityGlobals) = postSolution
		SolutionGuid = {F0A43C14-F4DE-4071-BF91-AC95F3926986}
	EndGlobalSection
EndGlobal
